
Microsoft Visual Studio Solution File, Format Version 12.00
# Visual Studio Version 16
VisualStudioVersion = 16.0.31424.327
MinimumVisualStudioVersion = 10.0.40219.1
Project("{2150E333-8FDC-42A3-9474-1A3956D46DE8}") = "Services", "Services", "{3C42C6D5-81CE-4BEA-9F36-3D2800160719}"
EndProject
Project("{2150E333-8FDC-42A3-9474-1A3956D46DE8}") = "Cataloge", "Cataloge", "{80097CD3-4ABF-459C-8A83-C155A8C162E1}"
EndProject
Global
	GlobalSection(SolutionProperties) = preSolution
		HideSolutionNode = FALSE
	EndGlobalSection
	GlobalSection(NestedProjects) = preSolution
		{80097CD3-4ABF-459C-8A83-C155A8C162E1} = {3C42C6D5-81CE-4BEA-9F36-3D2800160719}
	EndGlobalSection
	GlobalSection(ExtensibilityGlobals) = postSolution
		SolutionGuid = {2E101627-64F7-4895-8F9C-16922F81AC36}
	EndGlobalSection
EndGlobal
